
Microsoft Visual Studio Solution File, Format Version 12.00
# Visual Studio Version 17
VisualStudioVersion = 17.0.31903.59
MinimumVisualStudioVersion = 10.0.40219.1
Project("{2150E333-8FDC-42A3-9474-1A3956D46DE8}") = "src", "src", "{39D34049-9787-4BFA-9CA3-93EBD0575ABE}"
EndProject
Project("{FAE04EC0-301F-11D3-BF4B-00C04F79EFBC}") = "ToDoList.WebApi", "src\ToDoList.WebApi\ToDoList.WebApi.csproj", "{CA51E48D-E2C1-4BE4-ABE9-2981A8882641}"
EndProject
Project("{FAE04EC0-301F-11D3-BF4B-00C04F79EFBC}") = "ToDoList.Domain", "src\ToDoList.Domain\ToDoList.Domain.csproj", "{13BB872B-9A5C-4309-88B8-48F32860213A}"
EndProject
Project("{2150E333-8FDC-42A3-9474-1A3956D46DE8}") = "tests", "tests", "{F2F482A0-B46B-4F43-AC38-10F6C752C8FC}"
EndProject
Project("{FAE04EC0-301F-11D3-BF4B-00C04F79EFBC}") = "ToDoList.Test", "tests\ToDoList.Test\ToDoList.Test.csproj", "{89F1388C-3A42-4287-A4BA-D316CDBB24C8}"
EndProject
Global
	GlobalSection(SolutionConfigurationPlatforms) = preSolution
		Debug|Any CPU = Debug|Any CPU
		Release|Any CPU = Release|Any CPU
	EndGlobalSection
	GlobalSection(SolutionProperties) = preSolution
		HideSolutionNode = FALSE
	EndGlobalSection
	GlobalSection(ProjectConfigurationPlatforms) = postSolution
		{CA51E48D-E2C1-4BE4-ABE9-2981A8882641}.Debug|Any CPU.ActiveCfg = Debug|Any CPU
		{CA51E48D-E2C1-4BE4-ABE9-2981A8882641}.Debug|Any CPU.Build.0 = Debug|Any CPU
		{CA51E48D-E2C1-4BE4-ABE9-2981A8882641}.Release|Any CPU.ActiveCfg = Release|Any CPU
		{CA51E48D-E2C1-4BE4-ABE9-2981A8882641}.Release|Any CPU.Build.0 = Release|Any CPU
		{13BB872B-9A5C-4309-88B8-48F32860213A}.Debug|Any CPU.ActiveCfg = Debug|Any CPU
		{13BB872B-9A5C-4309-88B8-48F32860213A}.Debug|Any CPU.Build.0 = Debug|Any CPU
		{13BB872B-9A5C-4309-88B8-48F32860213A}.Release|Any CPU.ActiveCfg = Release|Any CPU
		{13BB872B-9A5C-4309-88B8-48F32860213A}.Release|Any CPU.Build.0 = Release|Any CPU
		{89F1388C-3A42-4287-A4BA-D316CDBB24C8}.Debug|Any CPU.ActiveCfg = Debug|Any CPU
		{89F1388C-3A42-4287-A4BA-D316CDBB24C8}.Debug|Any CPU.Build.0 = Debug|Any CPU
		{89F1388C-3A42-4287-A4BA-D316CDBB24C8}.Release|Any CPU.ActiveCfg = Release|Any CPU
		{89F1388C-3A42-4287-A4BA-D316CDBB24C8}.Release|Any CPU.Build.0 = Release|Any CPU
	EndGlobalSection
	GlobalSection(NestedProjects) = preSolution
		{CA51E48D-E2C1-4BE4-ABE9-2981A8882641} = {39D34049-9787-4BFA-9CA3-93EBD0575ABE}
		{13BB872B-9A5C-4309-88B8-48F32860213A} = {39D34049-9787-4BFA-9CA3-93EBD0575ABE}
		{89F1388C-3A42-4287-A4BA-D316CDBB24C8} = {F2F482A0-B46B-4F43-AC38-10F6C752C8FC}
	EndGlobalSection
EndGlobal
